
Microsoft Visual Studio Solution File, Format Version 12.00
# Visual Studio Version 16
VisualStudioVersion = 16.0.30225.117
MinimumVisualStudioVersion = 10.0.40219.1
Project("{FAE04EC0-301F-11D3-BF4B-00C04F79EFBC}") = "LotteryGameApplication", "LotteryGameApplication\LotteryGameApplication.csproj", "{BCD9851B-B70F-4208-B9F3-5CF60939061B}"
EndProject
Global
	GlobalSection(SolutionConfigurationPlatforms) = preSolution
		Debug|Any CPU = Debug|Any CPU
		Release|Any CPU = Release|Any CPU
	EndGlobalSection
	GlobalSection(ProjectConfigurationPlatforms) = postSolution
		{BCD9851B-B70F-4208-B9F3-5CF60939061B}.Debug|Any CPU.ActiveCfg = Debug|Any CPU
		{BCD9851B-B70F-4208-B9F3-5CF60939061B}.Debug|Any CPU.Build.0 = Debug|Any CPU
		{BCD9851B-B70F-4208-B9F3-5CF60939061B}.Release|Any CPU.ActiveCfg = Release|Any CPU
		{BCD9851B-B70F-4208-B9F3-5CF60939061B}.Release|Any CPU.Build.0 = Release|Any CPU
	EndGlobalSection
	GlobalSection(SolutionProperties) = preSolution
		HideSolutionNode = FALSE
	EndGlobalSection
	GlobalSection(ExtensibilityGlobals) = postSolution
		SolutionGuid = {10930B2E-0E6C-42D9-9191-0897B4BBAEAF}
	EndGlobalSection
EndGlobal
